
Microsoft Visual Studio Solution File, Format Version 12.00
# Visual Studio Version 17
VisualStudioVersion = 17.3.32929.385
MinimumVisualStudioVersion = 10.0.40219.1
Project("{FAE04EC0-301F-11D3-BF4B-00C04F79EFBC}") = "GUI", "LoginForm\GUI.csproj", "{BA14849F-046A-4E07-88A7-F72851795058}"
EndProject
Project("{FAE04EC0-301F-11D3-BF4B-00C04F79EFBC}") = "BLL", "BLL\BLL.csproj", "{FE985938-79E8-4DEA-99F6-0BC14011B034}"
EndProject
Project("{FAE04EC0-301F-11D3-BF4B-00C04F79EFBC}") = "DAL", "DAL\DAL.csproj", "{6B0690A0-E8BD-48A0-8579-C01ECF71E41D}"
EndProject
Project("{FAE04EC0-301F-11D3-BF4B-00C04F79EFBC}") = "DTO", "DTO\DTO.csproj", "{A8E2E26F-3AFA-45E2-96FF-DFACA1346526}"
EndProject
Global
	GlobalSection(SolutionConfigurationPlatforms) = preSolution
		Debug|Any CPU = Debug|Any CPU
		Release|Any CPU = Release|Any CPU
	EndGlobalSection
	GlobalSection(ProjectConfigurationPlatforms) = postSolution
		{BA14849F-046A-4E07-88A7-F72851795058}.Debug|Any CPU.ActiveCfg = Debug|Any CPU
		{BA14849F-046A-4E07-88A7-F72851795058}.Debug|Any CPU.Build.0 = Debug|Any CPU
		{BA14849F-046A-4E07-88A7-F72851795058}.Release|Any CPU.ActiveCfg = Release|Any CPU
		{BA14849F-046A-4E07-88A7-F72851795058}.Release|Any CPU.Build.0 = Release|Any CPU
		{FE985938-79E8-4DEA-99F6-0BC14011B034}.Debug|Any CPU.ActiveCfg = Debug|Any CPU
		{FE985938-79E8-4DEA-99F6-0BC14011B034}.Debug|Any CPU.Build.0 = Debug|Any CPU
		{FE985938-79E8-4DEA-99F6-0BC14011B034}.Release|Any CPU.ActiveCfg = Release|Any CPU
		{FE985938-79E8-4DEA-99F6-0BC14011B034}.Release|Any CPU.Build.0 = Release|Any CPU
		{6B0690A0-E8BD-48A0-8579-C01ECF71E41D}.Debug|Any CPU.ActiveCfg = Debug|Any CPU
		{6B0690A0-E8BD-48A0-8579-C01ECF71E41D}.Debug|Any CPU.Build.0 = Debug|Any CPU
		{6B0690A0-E8BD-48A0-8579-C01ECF71E41D}.Release|Any CPU.ActiveCfg = Release|Any CPU
		{6B0690A0-E8BD-48A0-8579-C01ECF71E41D}.Release|Any CPU.Build.0 = Release|Any CPU
		{A8E2E26F-3AFA-45E2-96FF-DFACA1346526}.Debug|Any CPU.ActiveCfg = Debug|Any CPU
		{A8E2E26F-3AFA-45E2-96FF-DFACA1346526}.Debug|Any CPU.Build.0 = Debug|Any CPU
		{A8E2E26F-3AFA-45E2-96FF-DFACA1346526}.Release|Any CPU.ActiveCfg = Release|Any CPU
		{A8E2E26F-3AFA-45E2-96FF-DFACA1346526}.Release|Any CPU.Build.0 = Release|Any CPU
	EndGlobalSection
	GlobalSection(SolutionProperties) = preSolution
		HideSolutionNode = FALSE
	EndGlobalSection
	GlobalSection(ExtensibilityGlobals) = postSolution
		SolutionGuid = {92A94346-62F5-488D-A522-9D82D4E0CA74}
	EndGlobalSection
EndGlobal
