
Microsoft Visual Studio Solution File, Format Version 12.00
# Visual Studio Version 17
VisualStudioVersion = 17.3.32929.385
MinimumVisualStudioVersion = 10.0.40219.1
Project("{FAE04EC0-301F-11D3-BF4B-00C04F79EFBC}") = "QuanLyBanHang", "QuanLyBanHang\QuanLyBanHang.csproj", "{FAA49757-57C0-4510-A69E-980A87B259F6}"
EndProject
Project("{FAE04EC0-301F-11D3-BF4B-00C04F79EFBC}") = "LoginForm", "LoginForm\LoginForm.csproj", "{BA14849F-046A-4E07-88A7-F72851795058}"
EndProject
Project("{FAE04EC0-301F-11D3-BF4B-00C04F79EFBC}") = "SignUpForm", "SignUpForm\SignUpForm.csproj", "{F126088A-9C94-4D25-9ECF-206518CAE124}"
EndProject
Global
	GlobalSection(SolutionConfigurationPlatforms) = preSolution
		Debug|Any CPU = Debug|Any CPU
		Release|Any CPU = Release|Any CPU
	EndGlobalSection
	GlobalSection(ProjectConfigurationPlatforms) = postSolution
		{FAA49757-57C0-4510-A69E-980A87B259F6}.Debug|Any CPU.ActiveCfg = Debug|Any CPU
		{FAA49757-57C0-4510-A69E-980A87B259F6}.Debug|Any CPU.Build.0 = Debug|Any CPU
		{FAA49757-57C0-4510-A69E-980A87B259F6}.Release|Any CPU.ActiveCfg = Release|Any CPU
		{FAA49757-57C0-4510-A69E-980A87B259F6}.Release|Any CPU.Build.0 = Release|Any CPU
		{BA14849F-046A-4E07-88A7-F72851795058}.Debug|Any CPU.ActiveCfg = Debug|Any CPU
		{BA14849F-046A-4E07-88A7-F72851795058}.Debug|Any CPU.Build.0 = Debug|Any CPU
		{BA14849F-046A-4E07-88A7-F72851795058}.Release|Any CPU.ActiveCfg = Release|Any CPU
		{BA14849F-046A-4E07-88A7-F72851795058}.Release|Any CPU.Build.0 = Release|Any CPU
		{F126088A-9C94-4D25-9ECF-206518CAE124}.Debug|Any CPU.ActiveCfg = Debug|Any CPU
		{F126088A-9C94-4D25-9ECF-206518CAE124}.Debug|Any CPU.Build.0 = Debug|Any CPU
		{F126088A-9C94-4D25-9ECF-206518CAE124}.Release|Any CPU.ActiveCfg = Release|Any CPU
		{F126088A-9C94-4D25-9ECF-206518CAE124}.Release|Any CPU.Build.0 = Release|Any CPU
	EndGlobalSection
	GlobalSection(SolutionProperties) = preSolution
		HideSolutionNode = FALSE
	EndGlobalSection
	GlobalSection(ExtensibilityGlobals) = postSolution
		SolutionGuid = {92A94346-62F5-488D-A522-9D82D4E0CA74}
	EndGlobalSection
EndGlobal
